// !$*UTF8*$!
{
	archiveVersion = 1;
	classes = {
	};
	objectVersion = 50;
	objects = {

/* Begin PBXBuildFile section */
		EC410159212EA0F000A81900 /* AppDelegate.swift in Sources */ = {isa = PBXBuildFile; fileRef = EC410158212EA0F000A81900 /* AppDelegate.swift */; };
		EC41015E212EA0F000A81900 /* Main.storyboard in Resources */ = {isa = PBXBuildFile; fileRef = EC41015C212EA0F000A81900 /* Main.storyboard */; };
		EC410160212EA0F200A81900 /* Assets.xcassets in Resources */ = {isa = PBXBuildFile; fileRef = EC41015F212EA0F200A81900 /* Assets.xcassets */; };
		EC410163212EA0F200A81900 /* LaunchScreen.storyboard in Resources */ = {isa = PBXBuildFile; fileRef = EC410161212EA0F200A81900 /* LaunchScreen.storyboard */; };
		EC41016B212EB3A900A81900 /* TableauController.swift in Sources */ = {isa = PBXBuildFile; fileRef = EC41016A212EB3A900A81900 /* TableauController.swift */; };
		EC679482212FF4B200CA7845 /* ChansonCell.swift in Sources */ = {isa = PBXBuildFile; fileRef = EC679481212FF4B200CA7845 /* ChansonCell.swift */; };
		EC6794842130491D00CA7845 /* VideoController.swift in Sources */ = {isa = PBXBuildFile; fileRef = EC6794832130491D00CA7845 /* VideoController.swift */; };
		ECD7150C212EDAF400C38470 /* Chanson.swift in Sources */ = {isa = PBXBuildFile; fileRef = ECD7150B212EDAF400C38470 /* Chanson.swift */; };
/* End PBXBuildFile section */

/* Begin PBXFileReference section */
		EC410155212EA0F000A81900 /* Lecteur video.app */ = {isa = PBXFileReference; explicitFileType = wrapper.application; includeInIndex = 0; path = "Lecteur video.app"; sourceTree = BUILT_PRODUCTS_DIR; };
		EC410158212EA0F000A81900 /* AppDelegate.swift */ = {isa = PBXFileReference; lastKnownFileType = sourcecode.swift; path = AppDelegate.swift; sourceTree = "<group>"; };
		EC41015D212EA0F000A81900 /* Base */ = {isa = PBXFileReference; lastKnownFileType = file.storyboard; name = Base; path = Base.lproj/Main.storyboard; sourceTree = "<group>"; };
		EC41015F212EA0F200A81900 /* Assets.xcassets */ = {isa = PBXFileReference; lastKnownFileType = folder.assetcatalog; path = Assets.xcassets; sourceTree = "<group>"; };
		EC410162212EA0F200A81900 /* Base */ = {isa = PBXFileReference; lastKnownFileType = file.storyboard; name = Base; path = Base.lproj/LaunchScreen.storyboard; sourceTree = "<group>"; };
		EC410164212EA0F200A81900 /* Info.plist */ = {isa = PBXFileReference; lastKnownFileType = text.plist.xml; path = Info.plist; sourceTree = "<group>"; };
		EC41016A212EB3A900A81900 /* TableauController.swift */ = {isa = PBXFileReference; lastKnownFileType = sourcecode.swift; path = TableauController.swift; sourceTree = "<group>"; };
		EC679481212FF4B200CA7845 /* ChansonCell.swift */ = {isa = PBXFileReference; lastKnownFileType = sourcecode.swift; path = ChansonCell.swift; sourceTree = "<group>"; };
		EC6794832130491D00CA7845 /* VideoController.swift */ = {isa = PBXFileReference; lastKnownFileType = sourcecode.swift; path = VideoController.swift; sourceTree = "<group>"; };
		ECD7150B212EDAF400C38470 /* Chanson.swift */ = {isa = PBXFileReference; lastKnownFileType = sourcecode.swift; path = Chanson.swift; sourceTree = "<group>"; };
/* End PBXFileReference section */

/* Begin PBXFrameworksBuildPhase section */
		EC410152212EA0F000A81900 /* Frameworks */ = {
			isa = PBXFrameworksBuildPhase;
			buildActionMask = 2147483647;
			files = (
			);
			runOnlyForDeploymentPostprocessing = 0;
		};
/* End PBXFrameworksBuildPhase section */

/* Begin PBXGroup section */
		EC41014C212EA0F000A81900 = {
			isa = PBXGroup;
			children = (
				EC410157212EA0F000A81900 /* Lecteur video */,
				EC410156212EA0F000A81900 /* Products */,
			);
			sourceTree = "<group>";
		};
		EC410156212EA0F000A81900 /* Products */ = {
			isa = PBXGroup;
			children = (
				EC410155212EA0F000A81900 /* Lecteur video.app */,
			);
			name = Products;
			sourceTree = "<group>";
		};
		EC410157212EA0F000A81900 /* Lecteur video */ = {
			isa = PBXGroup;
			children = (
				EC410158212EA0F000A81900 /* AppDelegate.swift */,
				EC41015C212EA0F000A81900 /* Main.storyboard */,
				EC41015F212EA0F200A81900 /* Assets.xcassets */,
				EC410161212EA0F200A81900 /* LaunchScreen.storyboard */,
				EC410164212EA0F200A81900 /* Info.plist */,
				EC41016A212EB3A900A81900 /* TableauController.swift */,
				ECD7150B212EDAF400C38470 /* Chanson.swift */,
				EC679481212FF4B200CA7845 /* ChansonCell.swift */,
				EC6794832130491D00CA7845 /* VideoController.swift */,
			);
			path = "Lecteur video";
			sourceTree = "<group>";
		};
/* End PBXGroup section */

/* Begin PBXNativeTarget section */
		EC410154212EA0F000A81900 /* Lecteur video */ = {
			isa = PBXNativeTarget;
			buildConfigurationList = EC410167212EA0F200A81900 /* Build configuration list for PBXNativeTarget "Lecteur video" */;
			buildPhases = (
				EC410151212EA0F000A81900 /* Sources */,
				EC410152212EA0F000A81900 /* Frameworks */,
				EC410153212EA0F000A81900 /* Resources */,
			);
			buildRules = (
			);
			dependencies = (
			);
			name = "Lecteur video";
			productName = "Lecteur video";
			productReference = EC410155212EA0F000A81900 /* Lecteur video.app */;
			productType = "com.apple.product-type.application";
		};
/* End PBXNativeTarget section */

/* Begin PBXProject section */
		EC41014D212EA0F000A81900 /* Project object */ = {
			isa = PBXProject;
			attributes = {
				LastSwiftUpdateCheck = 0940;
				LastUpgradeCheck = 0940;
				ORGANIZATIONNAME = etudiant;
				TargetAttributes = {
					EC410154212EA0F000A81900 = {
						CreatedOnToolsVersion = 9.4.1;
					};
				};
			};
			buildConfigurationList = EC410150212EA0F000A81900 /* Build configuration list for PBXProject "Lecteur video" */;
			compatibilityVersion = "Xcode 9.3";
			developmentRegion = en;
			hasScannedForEncodings = 0;
			knownRegions = (
				en,
				Base,
			);
			mainGroup = EC41014C212EA0F000A81900;
			productRefGroup = EC410156212EA0F000A81900 /* Products */;
			projectDirPath = "";
			projectRoot = "";
			targets = (
				EC410154212EA0F000A81900 /* Lecteur video */,
			);
		};
/* End PBXProject section */

/* Begin PBXResourcesBuildPhase section */
		EC410153212EA0F000A81900 /* Resources */ = {
			isa = PBXResourcesBuildPhase;
			buildActionMask = 2147483647;
			files = (
				EC410163212EA0F200A81900 /* LaunchScreen.storyboard in Resources */,
				EC410160212EA0F200A81900 /* Assets.xcassets in Resources */,
				EC41015E212EA0F000A81900 /* Main.storyboard in Resources */,
			);
			runOnlyForDeploymentPostprocessing = 0;
		};
/* End PBXResourcesBuildPhase section */

/* Begin PBXSourcesBuildPhase section */
		EC410151212EA0F000A81900 /* Sources */ = {
			isa = PBXSourcesBuildPhase;
			buildActionMask = 2147483647;
			files = (
				EC6794842130491D00CA7845 /* VideoController.swift in Sources */,
				EC41016B212EB3A900A81900 /* TableauController.swift in Sources */,
				EC410159212EA0F000A81900 /* AppDelegate.swift in Sources */,
				EC679482212FF4B200CA7845 /* ChansonCell.swift in Sources */,
				ECD7150C212EDAF400C38470 /* Chanson.swift in Sources */,
			);
			runOnlyForDeploymentPostprocessing = 0;
		};
/* End PBXSourcesBuildPhase section */

/* Begin PBXVariantGroup section */
		EC41015C212EA0F000A81900 /* Main.storyboard */ = {
			isa = PBXVariantGroup;
			children = (
				EC41015D212EA0F000A81900 /* Base */,
			);
			name = Main.storyboard;
			sourceTree = "<group>";
		};
		EC410161212EA0F200A81900 /* LaunchScreen.storyboard */ = {
			isa = PBXVariantGroup;
			children = (
				EC410162212EA0F200A81900 /* Base */,
			);
			name = LaunchScreen.storyboard;
			sourceTree = "<group>";
		};
/* End PBXVariantGroup section */

/* Begin XCBuildConfiguration section */
		EC410165212EA0F200A81900 /* Debug */ = {
			isa = XCBuildConfiguration;
			buildSettings = {
				ALWAYS_SEARCH_USER_PATHS = NO;
				CLANG_ANALYZER_NONNULL = YES;
				CLANG_ANALYZER_NUMBER_OBJECT_CONVERSION = YES_AGGRESSIVE;
				CLANG_CXX_LANGUAGE_STANDARD = "gnu++14";
				CLANG_CXX_LIBRARY = "libc++";
				CLANG_ENABLE_MODULES = YES;
				CLANG_ENABLE_OBJC_ARC = YES;
				CLANG_ENABLE_OBJC_WEAK = YES;
				CLANG_WARN_BLOCK_CAPTURE_AUTORELEASING = YES;
				CLANG_WARN_BOOL_CONVERSION = YES;
				CLANG_WARN_COMMA = YES;
				CLANG_WARN_CONSTANT_CONVERSION = YES;
				CLANG_WARN_DEPRECATED_OBJC_IMPLEMENTATIONS = YES;
				CLANG_WARN_DIRECT_OBJC_ISA_USAGE = YES_ERROR;
				CLANG_WARN_DOCUMENTATION_COMMENTS = YES;
				CLANG_WARN_EMPTY_BODY = YES;
				CLANG_WARN_ENUM_CONVERSION = YES;
				CLANG_WARN_INFINITE_RECURSION = YES;
				CLANG_WARN_INT_CONVERSION = YES;
				CLANG_WARN_NON_LITERAL_NULL_CONVERSION = YES;
				CLANG_WARN_OBJC_IMPLICIT_RETAIN_SELF = YES;
				CLANG_WARN_OBJC_LITERAL_CONVERSION = YES;
				CLANG_WARN_OBJC_ROOT_CLASS = YES_ERROR;
				CLANG_WARN_RANGE_LOOP_ANALYSIS = YES;
				CLANG_WARN_STRICT_PROTOTYPES = YES;
				CLANG_WARN_SUSPICIOUS_MOVE = YES;
				CLANG_WARN_UNGUARDED_AVAILABILITY = YES_AGGRESSIVE;
				CLANG_WARN_UNREACHABLE_CODE = YES;
				CLANG_WARN__DUPLICATE_METHOD_MATCH = YES;
				CODE_SIGN_IDENTITY = "iPhone Developer";
				COPY_PHASE_STRIP = NO;
				DEBUG_INFORMATION_FORMAT = dwarf;
				ENABLE_STRICT_OBJC_MSGSEND = YES;
				ENABLE_TESTABILITY = YES;
				GCC_C_LANGUAGE_STANDARD = gnu11;
				GCC_DYNAMIC_NO_PIC = NO;
				GCC_NO_COMMON_BLOCKS = YES;
				GCC_OPTIMIZATION_LEVEL = 0;
				GCC_PREPROCESSOR_DEFINITIONS = (
					"DEBUG=1",
					"$(inherited)",
				);
				GCC_WARN_64_TO_32_BIT_CONVERSION = YES;
				GCC_WARN_ABOUT_RETURN_TYPE = YES_ERROR;
				GCC_WARN_UNDECLARED_SELECTOR = YES;
				GCC_WARN_UNINITIALIZED_AUTOS = YES_AGGRESSIVE;
				GCC_WARN_UNUSED_FUNCTION = YES;
				GCC_WARN_UNUSED_VARIABLE = YES;
				IPHONEOS_DEPLOYMENT_TARGET = 11.4;
				MTL_ENABLE_DEBUG_INFO = YES;
				ONLY_ACTIVE_ARCH = YES;
				SDKROOT = iphoneos;
				SWIFT_ACTIVE_COMPILATION_CONDITIONS = DEBUG;
				SWIFT_OPTIMIZATION_LEVEL = "-Onone";
			};
			name = Debug;
		};
		EC410166212EA0F200A81900 /* Release */ = {
			isa = XCBuildConfiguration;
			buildSettings = {
				ALWAYS_SEARCH_USER_PATHS = NO;
				CLANG_ANALYZER_NONNULL = YES;
				CLANG_ANALYZER_NUMBER_OBJECT_CONVERSION = YES_AGGRESSIVE;
				CLANG_CXX_LANGUAGE_STANDARD = "gnu++14";
				CLANG_CXX_LIBRARY = "libc++";
				CLANG_ENABLE_MODULES = YES;
				CLANG_ENABLE_OBJC_ARC = YES;
				CLANG_ENABLE_OBJC_WEAK = YES;
				CLANG_WARN_BLOCK_CAPTURE_AUTORELEASING = YES;
				CLANG_WARN_BOOL_CONVERSION = YES;
				CLANG_WARN_COMMA = YES;
				CLANG_WARN_CONSTANT_CONVERSION = YES;
				CLANG_WARN_DEPRECATED_OBJC_IMPLEMENTATIONS = YES;
				CLANG_WARN_DIRECT_OBJC_ISA_USAGE = YES_ERROR;
				CLANG_WARN_DOCUMENTATION_COMMENTS = YES;
				CLANG_WARN_EMPTY_BODY = YES;
				CLANG_WARN_ENUM_CONVERSION = YES;
				CLANG_WARN_INFINITE_RECURSION = YES;
				CLANG_WARN_INT_CONVERSION = YES;
				CLANG_WARN_NON_LITERAL_NULL_CONVERSION = YES;
				CLANG_WARN_OBJC_IMPLICIT_RETAIN_SELF = YES;
				CLANG_WARN_OBJC_LITERAL_CONVERSION = YES;
				CLANG_WARN_OBJC_ROOT_CLASS = YES_ERROR;
				CLANG_WARN_RANGE_LOOP_ANALYSIS = YES;
				CLANG_WARN_STRICT_PROTOTYPES = YES;
				CLANG_WARN_SUSPICIOUS_MOVE = YES;
				CLANG_WARN_UNGUARDED_AVAILABILITY = YES_AGGRESSIVE;
				CLANG_WARN_UNREACHABLE_CODE = YES;
				CLANG_WARN__DUPLICATE_METHOD_MATCH = YES;
				CODE_SIGN_IDENTITY = "iPhone Developer";
				COPY_PHASE_STRIP = NO;
				DEBUG_INFORMATION_FORMAT = "dwarf-with-dsym";
				ENABLE_NS_ASSERTIONS = NO;
				ENABLE_STRICT_OBJC_MSGSEND = YES;
				GCC_C_LANGUAGE_STANDARD = gnu11;
				GCC_NO_COMMON_BLOCKS = YES;
				GCC_WARN_64_TO_32_BIT_CONVERSION = YES;
				GCC_WARN_ABOUT_RETURN_TYPE = YES_ERROR;
				GCC_WARN_UNDECLARED_SELECTOR = YES;
				GCC_WARN_UNINITIALIZED_AUTOS = YES_AGGRESSIVE;
				GCC_WARN_UNUSED_FUNCTION = YES;
				GCC_WARN_UNUSED_VARIABLE = YES;
				IPHONEOS_DEPLOYMENT_TARGET = 11.4;
				MTL_ENABLE_DEBUG_INFO = NO;
				SDKROOT = iphoneos;
				SWIFT_COMPILATION_MODE = wholemodule;
				SWIFT_OPTIMIZATION_LEVEL = "-O";
				VALIDATE_PRODUCT = YES;
			};
			name = Release;
		};
		EC410168212EA0F200A81900 /* Debug */ = {
			isa = XCBuildConfiguration;
			buildSettings = {
				ASSETCATALOG_COMPILER_APPICON_NAME = AppIcon;
				CODE_SIGN_STYLE = Automatic;
				INFOPLIST_FILE = "Lecteur video/Info.plist";
				LD_RUNPATH_SEARCH_PATHS = (
					"$(inherited)",
					"@executable_path/Frameworks",
				);
				PRODUCT_BUNDLE_IDENTIFIER = "exercice1.Lecteur-video";
				PRODUCT_NAME = "$(TARGET_NAME)";
				SWIFT_VERSION = 4.0;
				TARGETED_DEVICE_FAMILY = "1,2";
			};
			name = Debug;
		};
		EC410169212EA0F200A81900 /* Release */ = {
			isa = XCBuildConfiguration;
			buildSettings = {
				ASSETCATALOG_COMPILER_APPICON_NAME = AppIcon;
				CODE_SIGN_STYLE = Automatic;
				INFOPLIST_FILE = "Lecteur video/Info.plist";
				LD_RUNPATH_SEARCH_PATHS = (
					"$(inherited)",
					"@executable_path/Frameworks",
				);
				PRODUCT_BUNDLE_IDENTIFIER = "exercice1.Lecteur-video";
				PRODUCT_NAME = "$(TARGET_NAME)";
				SWIFT_VERSION = 4.0;
				TARGETED_DEVICE_FAMILY = "1,2";
			};
			name = Release;
		};
/* End XCBuildConfiguration section */

/* Begin XCConfigurationList section */
		EC410150212EA0F000A81900 /* Build configuration list for PBXProject "Lecteur video" */ = {
			isa = XCConfigurationList;
			buildConfigurations = (
				EC410165212EA0F200A81900 /* Debug */,
				EC410166212EA0F200A81900 /* Release */,
			);
			defaultConfigurationIsVisible = 0;
			defaultConfigurationName = Release;
		};
		EC410167212EA0F200A81900 /* Build configuration list for PBXNativeTarget "Lecteur video" */ = {
			isa = XCConfigurationList;
			buildConfigurations = (
				EC410168212EA0F200A81900 /* Debug */,
				EC410169212EA0F200A81900 /* Release */,
			);
			defaultConfigurationIsVisible = 0;
			defaultConfigurationName = Release;
		};
/* End XCConfigurationList section */
	};
	rootObject = EC41014D212EA0F000A81900 /* Project object */;
}
